
Microsoft Visual Studio Solution File, Format Version 12.00
# Visual Studio Version 17
VisualStudioVersion = 17.6.33717.318
MinimumVisualStudioVersion = 10.0.40219.1
Project("{9A19103F-16F7-4668-BE54-9A1E7A4F7556}") = "PassManagerMiniPorject", "PassManagerMiniPorject\PassManagerMiniPorject.csproj", "{DF91827D-B0CA-4388-AF69-158B77341D1D}"
EndProject
Project("{2150E333-8FDC-42A3-9474-1A3956D46DE8}") = "Solution Items", "Solution Items", "{EB2DBF81-3C24-4D44-900A-3D190D4914B9}"
	ProjectSection(SolutionItems) = preProject
		isMasterPassworddSet.json = isMasterPassworddSet.json
		passwords.json = passwords.json
		Servicespasswords.json = Servicespasswords.json
	EndProjectSection
EndProject
Global
	GlobalSection(SolutionConfigurationPlatforms) = preSolution
		Debug|Any CPU = Debug|Any CPU
		Release|Any CPU = Release|Any CPU
	EndGlobalSection
	GlobalSection(ProjectConfigurationPlatforms) = postSolution
		{DF91827D-B0CA-4388-AF69-158B77341D1D}.Debug|Any CPU.ActiveCfg = Debug|Any CPU
		{DF91827D-B0CA-4388-AF69-158B77341D1D}.Debug|Any CPU.Build.0 = Debug|Any CPU
		{DF91827D-B0CA-4388-AF69-158B77341D1D}.Release|Any CPU.ActiveCfg = Release|Any CPU
		{DF91827D-B0CA-4388-AF69-158B77341D1D}.Release|Any CPU.Build.0 = Release|Any CPU
	EndGlobalSection
	GlobalSection(SolutionProperties) = preSolution
		HideSolutionNode = FALSE
	EndGlobalSection
	GlobalSection(ExtensibilityGlobals) = postSolution
		SolutionGuid = {2947C000-DE9D-476A-A807-7E8216F30CD8}
	EndGlobalSection
EndGlobal
